
Microsoft Visual Studio Solution File, Format Version 12.00
# Visual Studio Version 17
VisualStudioVersion = 17.0.31903.59
MinimumVisualStudioVersion = 10.0.40219.1
Project("{FAE04EC0-301F-11D3-BF4B-00C04F79EFBC}") = "API", "API\API.csproj", "{4FD6F617-16E5-4A32-81AF-01CA071710ED}"
EndProject
Project("{FAE04EC0-301F-11D3-BF4B-00C04F79EFBC}") = "Application", "Application\Application.csproj", "{59B3967B-1EBB-4B2A-8722-9E608D3778F4}"
EndProject
Project("{FAE04EC0-301F-11D3-BF4B-00C04F79EFBC}") = "Domain", "Domain\Domain.csproj", "{8AF799A9-62C7-42F4-9CB8-55177F31FC83}"
EndProject
Project("{FAE04EC0-301F-11D3-BF4B-00C04F79EFBC}") = "Persistence", "Persistence\Persistence.csproj", "{7A10665A-ECAC-4B43-AC61-CA764DB3BB5D}"
EndProject
Global
	GlobalSection(SolutionConfigurationPlatforms) = preSolution
		Debug|Any CPU = Debug|Any CPU
		Debug|x64 = Debug|x64
		Debug|x86 = Debug|x86
		Release|Any CPU = Release|Any CPU
		Release|x64 = Release|x64
		Release|x86 = Release|x86
	EndGlobalSection
	GlobalSection(ProjectConfigurationPlatforms) = postSolution
		{4FD6F617-16E5-4A32-81AF-01CA071710ED}.Debug|Any CPU.ActiveCfg = Debug|Any CPU
		{4FD6F617-16E5-4A32-81AF-01CA071710ED}.Debug|Any CPU.Build.0 = Debug|Any CPU
		{4FD6F617-16E5-4A32-81AF-01CA071710ED}.Debug|x64.ActiveCfg = Debug|Any CPU
		{4FD6F617-16E5-4A32-81AF-01CA071710ED}.Debug|x64.Build.0 = Debug|Any CPU
		{4FD6F617-16E5-4A32-81AF-01CA071710ED}.Debug|x86.ActiveCfg = Debug|Any CPU
		{4FD6F617-16E5-4A32-81AF-01CA071710ED}.Debug|x86.Build.0 = Debug|Any CPU
		{4FD6F617-16E5-4A32-81AF-01CA071710ED}.Release|Any CPU.ActiveCfg = Release|Any CPU
		{4FD6F617-16E5-4A32-81AF-01CA071710ED}.Release|Any CPU.Build.0 = Release|Any CPU
		{4FD6F617-16E5-4A32-81AF-01CA071710ED}.Release|x64.ActiveCfg = Release|Any CPU
		{4FD6F617-16E5-4A32-81AF-01CA071710ED}.Release|x64.Build.0 = Release|Any CPU
		{4FD6F617-16E5-4A32-81AF-01CA071710ED}.Release|x86.ActiveCfg = Release|Any CPU
		{4FD6F617-16E5-4A32-81AF-01CA071710ED}.Release|x86.Build.0 = Release|Any CPU
		{59B3967B-1EBB-4B2A-8722-9E608D3778F4}.Debug|Any CPU.ActiveCfg = Debug|Any CPU
		{59B3967B-1EBB-4B2A-8722-9E608D3778F4}.Debug|Any CPU.Build.0 = Debug|Any CPU
		{59B3967B-1EBB-4B2A-8722-9E608D3778F4}.Debug|x64.ActiveCfg = Debug|Any CPU
		{59B3967B-1EBB-4B2A-8722-9E608D3778F4}.Debug|x64.Build.0 = Debug|Any CPU
		{59B3967B-1EBB-4B2A-8722-9E608D3778F4}.Debug|x86.ActiveCfg = Debug|Any CPU
		{59B3967B-1EBB-4B2A-8722-9E608D3778F4}.Debug|x86.Build.0 = Debug|Any CPU
		{59B3967B-1EBB-4B2A-8722-9E608D3778F4}.Release|Any CPU.ActiveCfg = Release|Any CPU
		{59B3967B-1EBB-4B2A-8722-9E608D3778F4}.Release|Any CPU.Build.0 = Release|Any CPU
		{59B3967B-1EBB-4B2A-8722-9E608D3778F4}.Release|x64.ActiveCfg = Release|Any CPU
		{59B3967B-1EBB-4B2A-8722-9E608D3778F4}.Release|x64.Build.0 = Release|Any CPU
		{59B3967B-1EBB-4B2A-8722-9E608D3778F4}.Release|x86.ActiveCfg = Release|Any CPU
		{59B3967B-1EBB-4B2A-8722-9E608D3778F4}.Release|x86.Build.0 = Release|Any CPU
		{8AF799A9-62C7-42F4-9CB8-55177F31FC83}.Debug|Any CPU.ActiveCfg = Debug|Any CPU
		{8AF799A9-62C7-42F4-9CB8-55177F31FC83}.Debug|Any CPU.Build.0 = Debug|Any CPU
		{8AF799A9-62C7-42F4-9CB8-55177F31FC83}.Debug|x64.ActiveCfg = Debug|Any CPU
		{8AF799A9-62C7-42F4-9CB8-55177F31FC83}.Debug|x64.Build.0 = Debug|Any CPU
		{8AF799A9-62C7-42F4-9CB8-55177F31FC83}.Debug|x86.ActiveCfg = Debug|Any CPU
		{8AF799A9-62C7-42F4-9CB8-55177F31FC83}.Debug|x86.Build.0 = Debug|Any CPU
		{8AF799A9-62C7-42F4-9CB8-55177F31FC83}.Release|Any CPU.ActiveCfg = Release|Any CPU
		{8AF799A9-62C7-42F4-9CB8-55177F31FC83}.Release|Any CPU.Build.0 = Release|Any CPU
		{8AF799A9-62C7-42F4-9CB8-55177F31FC83}.Release|x64.ActiveCfg = Release|Any CPU
		{8AF799A9-62C7-42F4-9CB8-55177F31FC83}.Release|x64.Build.0 = Release|Any CPU
		{8AF799A9-62C7-42F4-9CB8-55177F31FC83}.Release|x86.ActiveCfg = Release|Any CPU
		{8AF799A9-62C7-42F4-9CB8-55177F31FC83}.Release|x86.Build.0 = Release|Any CPU
		{7A10665A-ECAC-4B43-AC61-CA764DB3BB5D}.Debug|Any CPU.ActiveCfg = Debug|Any CPU
		{7A10665A-ECAC-4B43-AC61-CA764DB3BB5D}.Debug|Any CPU.Build.0 = Debug|Any CPU
		{7A10665A-ECAC-4B43-AC61-CA764DB3BB5D}.Debug|x64.ActiveCfg = Debug|Any CPU
		{7A10665A-ECAC-4B43-AC61-CA764DB3BB5D}.Debug|x64.Build.0 = Debug|Any CPU
		{7A10665A-ECAC-4B43-AC61-CA764DB3BB5D}.Debug|x86.ActiveCfg = Debug|Any CPU
		{7A10665A-ECAC-4B43-AC61-CA764DB3BB5D}.Debug|x86.Build.0 = Debug|Any CPU
		{7A10665A-ECAC-4B43-AC61-CA764DB3BB5D}.Release|Any CPU.ActiveCfg = Release|Any CPU
		{7A10665A-ECAC-4B43-AC61-CA764DB3BB5D}.Release|Any CPU.Build.0 = Release|Any CPU
		{7A10665A-ECAC-4B43-AC61-CA764DB3BB5D}.Release|x64.ActiveCfg = Release|Any CPU
		{7A10665A-ECAC-4B43-AC61-CA764DB3BB5D}.Release|x64.Build.0 = Release|Any CPU
		{7A10665A-ECAC-4B43-AC61-CA764DB3BB5D}.Release|x86.ActiveCfg = Release|Any CPU
		{7A10665A-ECAC-4B43-AC61-CA764DB3BB5D}.Release|x86.Build.0 = Release|Any CPU
	EndGlobalSection
	GlobalSection(SolutionProperties) = preSolution
		HideSolutionNode = FALSE
	EndGlobalSection
EndGlobal
